
Microsoft Visual Studio Solution File, Format Version 12.00
# Visual Studio 14
VisualStudioVersion = 14.0.25420.1
MinimumVisualStudioVersion = 10.0.40219.1
Project("{8BC9CEB8-8B4A-11D0-8D11-00A0C91BC942}") = "UISDK", "ui\UISDK\UISDK.vcxproj", "{DE272CA9-151B-4F7F-8593-CC699FCF063A}"
EndProject
Project("{2150E333-8FDC-42A3-9474-1A3956D46DE8}") = "02. ui", "02. ui", "{20278DB3-8E22-4243-A6B7-2F4EBDC6DB4A}"
EndProject
Project("{8BC9CEB8-8B4A-11D0-8D11-00A0C91BC942}") = "UICTRL", "ui\UICTRL\UICTRL.vcxproj", "{1F310A52-76C5-497D-8823-C675EF406F4C}"
	ProjectSection(ProjectDependencies) = postProject
		{DE272CA9-151B-4F7F-8593-CC699FCF063A} = {DE272CA9-151B-4F7F-8593-CC699FCF063A}
	EndProjectSection
EndProject
Project("{2150E333-8FDC-42A3-9474-1A3956D46DE8}") = "03. util", "03. util", "{DC585351-EB3D-45BD-9054-DBA3DC2370FA}"
EndProject
Project("{8BC9CEB8-8B4A-11D0-8D11-00A0C91BC942}") = "UIEditor", "ui\UIEditor\UIEditor.vcxproj", "{51A58115-5A39-413D-926D-A7A5ADEE84C2}"
	ProjectSection(ProjectDependencies) = postProject
		{DE272CA9-151B-4F7F-8593-CC699FCF063A} = {DE272CA9-151B-4F7F-8593-CC699FCF063A}
		{1BE564CD-B6B7-44D3-AE36-9B5FF5A8289B} = {1BE564CD-B6B7-44D3-AE36-9B5FF5A8289B}
	EndProjectSection
EndProject
Project("{8BC9CEB8-8B4A-11D0-8D11-00A0C91BC942}") = "UIEditorCtrl", "ui\UIEditorCtrl\UIEditorCtrl.vcxproj", "{1BE564CD-B6B7-44D3-AE36-9B5FF5A8289B}"
	ProjectSection(ProjectDependencies) = postProject
		{1F310A52-76C5-497D-8823-C675EF406F4C} = {1F310A52-76C5-497D-8823-C675EF406F4C}
	EndProjectSection
EndProject
Project("{8BC9CEB8-8B4A-11D0-8D11-00A0C91BC942}") = "MLD", "tools\MemoryLeakDetect\MLD\MLD.vcxproj", "{7B9EAAE9-781D-48ED-BB3D-CAE1FEDC398F}"
EndProject
Project("{8BC9CEB8-8B4A-11D0-8D11-00A0C91BC942}") = "UISkinPack", "ui\UISkinPack\UISkinPack.vcxproj", "{E191A03D-7F7D-4849-8E1E-9ED968A6F882}"
EndProject
Project("{2150E333-8FDC-42A3-9474-1A3956D46DE8}") = "05. test", "05. test", "{292391F7-1619-4E66-9332-79CA6CCCC283}"
EndProject
Project("{8BC9CEB8-8B4A-11D0-8D11-00A0C91BC942}") = "AnimateTest", "test\AnimateTest\AnimateTest.vcxproj", "{2935A3CA-5DE9-49EA-A118-03A89F2B777E}"
	ProjectSection(ProjectDependencies) = postProject
		{1F310A52-76C5-497D-8823-C675EF406F4C} = {1F310A52-76C5-497D-8823-C675EF406F4C}
		{DE272CA9-151B-4F7F-8593-CC699FCF063A} = {DE272CA9-151B-4F7F-8593-CC699FCF063A}
	EndProjectSection
EndProject
Project("{8BC9CEB8-8B4A-11D0-8D11-00A0C91BC942}") = "UICompositor", "ui\UICompositor\UICompositor.vcxproj", "{8B03F2E0-5F96-4096-B0A2-F1AB920FFAFC}"
	ProjectSection(ProjectDependencies) = postProject
		{DE272CA9-151B-4F7F-8593-CC699FCF063A} = {DE272CA9-151B-4F7F-8593-CC699FCF063A}
	EndProjectSection
EndProject
Project("{8BC9CEB8-8B4A-11D0-8D11-00A0C91BC942}") = "VirtualDesktop", "test\VirtualDesktop\VirtualDesktop.vcxproj", "{B2E5F4B6-8E85-4EE0-900E-BA4147CFEE8B}"
EndProject
Global
	GlobalSection(SolutionConfigurationPlatforms) = preSolution
		Debug|Win32 = Debug|Win32
		Debug|x64 = Debug|x64
		Release|Win32 = Release|Win32
		Release|x64 = Release|x64
		UnitTest|Win32 = UnitTest|Win32
		UnitTest|x64 = UnitTest|x64
	EndGlobalSection
	GlobalSection(ProjectConfigurationPlatforms) = postSolution
		{DE272CA9-151B-4F7F-8593-CC699FCF063A}.Debug|Win32.ActiveCfg = Debug|Win32
		{DE272CA9-151B-4F7F-8593-CC699FCF063A}.Debug|Win32.Build.0 = Debug|Win32
		{DE272CA9-151B-4F7F-8593-CC699FCF063A}.Debug|x64.ActiveCfg = Debug|Win32
		{DE272CA9-151B-4F7F-8593-CC699FCF063A}.Release|Win32.ActiveCfg = Release|Win32
		{DE272CA9-151B-4F7F-8593-CC699FCF063A}.Release|Win32.Build.0 = Release|Win32
		{DE272CA9-151B-4F7F-8593-CC699FCF063A}.Release|x64.ActiveCfg = Release|Win32
		{DE272CA9-151B-4F7F-8593-CC699FCF063A}.UnitTest|Win32.ActiveCfg = UnitTest|Win32
		{DE272CA9-151B-4F7F-8593-CC699FCF063A}.UnitTest|Win32.Build.0 = UnitTest|Win32
		{DE272CA9-151B-4F7F-8593-CC699FCF063A}.UnitTest|x64.ActiveCfg = UnitTest|Win32
		{1F310A52-76C5-497D-8823-C675EF406F4C}.Debug|Win32.ActiveCfg = Debug|Win32
		{1F310A52-76C5-497D-8823-C675EF406F4C}.Debug|Win32.Build.0 = Debug|Win32
		{1F310A52-76C5-497D-8823-C675EF406F4C}.Debug|x64.ActiveCfg = Debug|Win32
		{1F310A52-76C5-497D-8823-C675EF406F4C}.Release|Win32.ActiveCfg = Release|Win32
		{1F310A52-76C5-497D-8823-C675EF406F4C}.Release|Win32.Build.0 = Release|Win32
		{1F310A52-76C5-497D-8823-C675EF406F4C}.Release|x64.ActiveCfg = Release|Win32
		{1F310A52-76C5-497D-8823-C675EF406F4C}.UnitTest|Win32.ActiveCfg = Release|Win32
		{1F310A52-76C5-497D-8823-C675EF406F4C}.UnitTest|Win32.Build.0 = Release|Win32
		{1F310A52-76C5-497D-8823-C675EF406F4C}.UnitTest|x64.ActiveCfg = Release|Win32
		{1F310A52-76C5-497D-8823-C675EF406F4C}.UnitTest|x64.Build.0 = Release|Win32
		{51A58115-5A39-413D-926D-A7A5ADEE84C2}.Debug|Win32.ActiveCfg = Debug|Win32
		{51A58115-5A39-413D-926D-A7A5ADEE84C2}.Debug|Win32.Build.0 = Debug|Win32
		{51A58115-5A39-413D-926D-A7A5ADEE84C2}.Debug|x64.ActiveCfg = Debug|Win32
		{51A58115-5A39-413D-926D-A7A5ADEE84C2}.Release|Win32.ActiveCfg = Release|Win32
		{51A58115-5A39-413D-926D-A7A5ADEE84C2}.Release|x64.ActiveCfg = Release|Win32
		{51A58115-5A39-413D-926D-A7A5ADEE84C2}.UnitTest|Win32.ActiveCfg = Release|Win32
		{51A58115-5A39-413D-926D-A7A5ADEE84C2}.UnitTest|Win32.Build.0 = Release|Win32
		{51A58115-5A39-413D-926D-A7A5ADEE84C2}.UnitTest|x64.ActiveCfg = Release|Win32
		{1BE564CD-B6B7-44D3-AE36-9B5FF5A8289B}.Debug|Win32.ActiveCfg = Debug|Win32
		{1BE564CD-B6B7-44D3-AE36-9B5FF5A8289B}.Debug|Win32.Build.0 = Debug|Win32
		{1BE564CD-B6B7-44D3-AE36-9B5FF5A8289B}.Debug|x64.ActiveCfg = Debug|Win32
		{1BE564CD-B6B7-44D3-AE36-9B5FF5A8289B}.Release|Win32.ActiveCfg = Release|Win32
		{1BE564CD-B6B7-44D3-AE36-9B5FF5A8289B}.Release|x64.ActiveCfg = Release|Win32
		{1BE564CD-B6B7-44D3-AE36-9B5FF5A8289B}.UnitTest|Win32.ActiveCfg = Release|Win32
		{1BE564CD-B6B7-44D3-AE36-9B5FF5A8289B}.UnitTest|Win32.Build.0 = Release|Win32
		{1BE564CD-B6B7-44D3-AE36-9B5FF5A8289B}.UnitTest|x64.ActiveCfg = Release|Win32
		{7B9EAAE9-781D-48ED-BB3D-CAE1FEDC398F}.Debug|Win32.ActiveCfg = Debug|Win32
		{7B9EAAE9-781D-48ED-BB3D-CAE1FEDC398F}.Debug|Win32.Build.0 = Debug|Win32
		{7B9EAAE9-781D-48ED-BB3D-CAE1FEDC398F}.Debug|x64.ActiveCfg = Debug|Win32
		{7B9EAAE9-781D-48ED-BB3D-CAE1FEDC398F}.Release|Win32.ActiveCfg = Release|Win32
		{7B9EAAE9-781D-48ED-BB3D-CAE1FEDC398F}.Release|x64.ActiveCfg = Release|Win32
		{7B9EAAE9-781D-48ED-BB3D-CAE1FEDC398F}.UnitTest|Win32.ActiveCfg = Release|Win32
		{7B9EAAE9-781D-48ED-BB3D-CAE1FEDC398F}.UnitTest|Win32.Build.0 = Release|Win32
		{7B9EAAE9-781D-48ED-BB3D-CAE1FEDC398F}.UnitTest|x64.ActiveCfg = Release|Win32
		{E191A03D-7F7D-4849-8E1E-9ED968A6F882}.Debug|Win32.ActiveCfg = Debug|Win32
		{E191A03D-7F7D-4849-8E1E-9ED968A6F882}.Debug|x64.ActiveCfg = Debug|Win32
		{E191A03D-7F7D-4849-8E1E-9ED968A6F882}.Release|Win32.ActiveCfg = Release|Win32
		{E191A03D-7F7D-4849-8E1E-9ED968A6F882}.Release|x64.ActiveCfg = Release|Win32
		{E191A03D-7F7D-4849-8E1E-9ED968A6F882}.UnitTest|Win32.ActiveCfg = Release|Win32
		{E191A03D-7F7D-4849-8E1E-9ED968A6F882}.UnitTest|Win32.Build.0 = Release|Win32
		{E191A03D-7F7D-4849-8E1E-9ED968A6F882}.UnitTest|x64.ActiveCfg = Release|Win32
		{2935A3CA-5DE9-49EA-A118-03A89F2B777E}.Debug|Win32.ActiveCfg = Debug|Win32
		{2935A3CA-5DE9-49EA-A118-03A89F2B777E}.Debug|Win32.Build.0 = Debug|Win32
		{2935A3CA-5DE9-49EA-A118-03A89F2B777E}.Debug|x64.ActiveCfg = Debug|Win32
		{2935A3CA-5DE9-49EA-A118-03A89F2B777E}.Release|Win32.ActiveCfg = Release|Win32
		{2935A3CA-5DE9-49EA-A118-03A89F2B777E}.Release|x64.ActiveCfg = Release|Win32
		{2935A3CA-5DE9-49EA-A118-03A89F2B777E}.UnitTest|Win32.ActiveCfg = Release|Win32
		{2935A3CA-5DE9-49EA-A118-03A89F2B777E}.UnitTest|Win32.Build.0 = Release|Win32
		{2935A3CA-5DE9-49EA-A118-03A89F2B777E}.UnitTest|x64.ActiveCfg = Release|Win32
		{2935A3CA-5DE9-49EA-A118-03A89F2B777E}.UnitTest|x64.Build.0 = Release|Win32
		{8B03F2E0-5F96-4096-B0A2-F1AB920FFAFC}.Debug|Win32.ActiveCfg = Debug|Win32
		{8B03F2E0-5F96-4096-B0A2-F1AB920FFAFC}.Debug|Win32.Build.0 = Debug|Win32
		{8B03F2E0-5F96-4096-B0A2-F1AB920FFAFC}.Debug|x64.ActiveCfg = Debug|Win32
		{8B03F2E0-5F96-4096-B0A2-F1AB920FFAFC}.Release|Win32.ActiveCfg = Release|Win32
		{8B03F2E0-5F96-4096-B0A2-F1AB920FFAFC}.Release|Win32.Build.0 = Release|Win32
		{8B03F2E0-5F96-4096-B0A2-F1AB920FFAFC}.Release|x64.ActiveCfg = Release|Win32
		{8B03F2E0-5F96-4096-B0A2-F1AB920FFAFC}.UnitTest|Win32.ActiveCfg = Release|Win32
		{8B03F2E0-5F96-4096-B0A2-F1AB920FFAFC}.UnitTest|Win32.Build.0 = Release|Win32
		{8B03F2E0-5F96-4096-B0A2-F1AB920FFAFC}.UnitTest|x64.ActiveCfg = Release|Win32
		{8B03F2E0-5F96-4096-B0A2-F1AB920FFAFC}.UnitTest|x64.Build.0 = Release|Win32
		{B2E5F4B6-8E85-4EE0-900E-BA4147CFEE8B}.Debug|Win32.ActiveCfg = Debug|Win32
		{B2E5F4B6-8E85-4EE0-900E-BA4147CFEE8B}.Debug|Win32.Build.0 = Debug|Win32
		{B2E5F4B6-8E85-4EE0-900E-BA4147CFEE8B}.Debug|x64.ActiveCfg = Debug|x64
		{B2E5F4B6-8E85-4EE0-900E-BA4147CFEE8B}.Debug|x64.Build.0 = Debug|x64
		{B2E5F4B6-8E85-4EE0-900E-BA4147CFEE8B}.Release|Win32.ActiveCfg = Release|Win32
		{B2E5F4B6-8E85-4EE0-900E-BA4147CFEE8B}.Release|Win32.Build.0 = Release|Win32
		{B2E5F4B6-8E85-4EE0-900E-BA4147CFEE8B}.Release|x64.ActiveCfg = Release|x64
		{B2E5F4B6-8E85-4EE0-900E-BA4147CFEE8B}.Release|x64.Build.0 = Release|x64
		{B2E5F4B6-8E85-4EE0-900E-BA4147CFEE8B}.UnitTest|Win32.ActiveCfg = Release|Win32
		{B2E5F4B6-8E85-4EE0-900E-BA4147CFEE8B}.UnitTest|Win32.Build.0 = Release|Win32
		{B2E5F4B6-8E85-4EE0-900E-BA4147CFEE8B}.UnitTest|x64.ActiveCfg = Release|x64
		{B2E5F4B6-8E85-4EE0-900E-BA4147CFEE8B}.UnitTest|x64.Build.0 = Release|x64
	EndGlobalSection
	GlobalSection(SolutionProperties) = preSolution
		HideSolutionNode = FALSE
	EndGlobalSection
	GlobalSection(NestedProjects) = preSolution
		{DE272CA9-151B-4F7F-8593-CC699FCF063A} = {20278DB3-8E22-4243-A6B7-2F4EBDC6DB4A}
		{1F310A52-76C5-497D-8823-C675EF406F4C} = {20278DB3-8E22-4243-A6B7-2F4EBDC6DB4A}
		{51A58115-5A39-413D-926D-A7A5ADEE84C2} = {20278DB3-8E22-4243-A6B7-2F4EBDC6DB4A}
		{1BE564CD-B6B7-44D3-AE36-9B5FF5A8289B} = {20278DB3-8E22-4243-A6B7-2F4EBDC6DB4A}
		{7B9EAAE9-781D-48ED-BB3D-CAE1FEDC398F} = {DC585351-EB3D-45BD-9054-DBA3DC2370FA}
		{E191A03D-7F7D-4849-8E1E-9ED968A6F882} = {20278DB3-8E22-4243-A6B7-2F4EBDC6DB4A}
		{2935A3CA-5DE9-49EA-A118-03A89F2B777E} = {292391F7-1619-4E66-9332-79CA6CCCC283}
		{8B03F2E0-5F96-4096-B0A2-F1AB920FFAFC} = {20278DB3-8E22-4243-A6B7-2F4EBDC6DB4A}
		{B2E5F4B6-8E85-4EE0-900E-BA4147CFEE8B} = {292391F7-1619-4E66-9332-79CA6CCCC283}
	EndGlobalSection
EndGlobal
