<?xml version="1.0" encoding="utf-8"?>
<Project ToolsVersion="4.0" xmlns="http://schemas.microsoft.com/developer/msbuild/2003">
  <ItemGroup>
    <Filter Include="源文件">
      <UniqueIdentifier>{4FC737F1-C7A5-4376-A066-2A32D752A2FF}</UniqueIdentifier>
      <Extensions>cpp;c;cc;cxx;def;odl;idl;hpj;bat;asm;asmx</Extensions>
    </Filter>
    <Filter Include="other">
      <UniqueIdentifier>{67DA6AB6-F800-4c08-8B7A-83BB121AAD01}</UniqueIdentifier>
      <Extensions>rc;ico;cur;bmp;dlg;rc2;rct;bin;rgs;gif;jpg;jpeg;jpe;resx;tiff;tif;png;wav;mfcribbon-ms</Extensions>
    </Filter>
    <Filter Include="Animate">
      <UniqueIdentifier>{2b680476-1b92-4525-86ef-c0940db947fe}</UniqueIdentifier>
    </Filter>
    <Filter Include="Animate\自定义动画函数动画">
      <UniqueIdentifier>{b306dbd1-d4a0-4020-ab60-ffddf197181b}</UniqueIdentifier>
    </Filter>
    <Filter Include="Animate\位移动画">
      <UniqueIdentifier>{058d8cd0-20c9-4d52-8b72-41aa469dbc9f}</UniqueIdentifier>
    </Filter>
    <Filter Include="Animate\透明渐变">
      <UniqueIdentifier>{ed5905bc-0aaa-4c76-b82d-29d3edd90f2a}</UniqueIdentifier>
    </Filter>
    <Filter Include="Animate\旋转y轴">
      <UniqueIdentifier>{8ae20dc9-74eb-42e0-b79d-b1b4f46ba560}</UniqueIdentifier>
    </Filter>
  </ItemGroup>
  <ItemGroup>
    <None Include="small.ico">
      <Filter>other</Filter>
    </None>
    <None Include="AnimateTest.ico">
      <Filter>other</Filter>
    </None>
    <None Include="..\..\bin\Debug\AniamteTestSkin\skin.xml">
      <Filter>源文件</Filter>
    </None>
  </ItemGroup>
  <ItemGroup>
    <ClInclude Include="targetver.h">
      <Filter>other</Filter>
    </ClInclude>
    <ClInclude Include="AnimateTest.h">
      <Filter>other</Filter>
    </ClInclude>
    <ClInclude Include="Resource.h">
      <Filter>other</Filter>
    </ClInclude>
    <ClInclude Include="stdafx.h">
      <Filter>other</Filter>
    </ClInclude>
    <ClInclude Include="window.h">
      <Filter>源文件</Filter>
    </ClInclude>
    <ClInclude Include="Animate\animate_base.h">
      <Filter>源文件</Filter>
    </ClInclude>
    <ClInclude Include="Animate\custom_timing_function.h">
      <Filter>Animate\自定义动画函数动画</Filter>
    </ClInclude>
    <ClInclude Include="Animate\move.h">
      <Filter>Animate\位移动画</Filter>
    </ClInclude>
    <ClInclude Include="Animate\alpha.h">
      <Filter>Animate\透明渐变</Filter>
    </ClInclude>
    <ClInclude Include="Animate\yrotate.h">
      <Filter>Animate\旋转y轴</Filter>
    </ClInclude>
  </ItemGroup>
  <ItemGroup>
    <ClCompile Include="AnimateTest.cpp">
      <Filter>源文件</Filter>
    </ClCompile>
    <ClCompile Include="stdafx.cpp">
      <Filter>other</Filter>
    </ClCompile>
    <ClCompile Include="window.cpp">
      <Filter>源文件</Filter>
    </ClCompile>
    <ClCompile Include="Animate\animate_base.cpp">
      <Filter>源文件</Filter>
    </ClCompile>
  </ItemGroup>
  <ItemGroup>
    <ResourceCompile Include="AnimateTest.rc">
      <Filter>other</Filter>
    </ResourceCompile>
  </ItemGroup>
</Project>